PODS:
  - ChameleonFramework/Default (2.1.0)
  - ChameleonFramework/Swift (2.1.0):
    - ChameleonFramework/Default
  - SwipeCellKit (2.5.4)

DEPENDENCIES:
  - ChameleonFramework/Swift
  - SwipeCellKit

SPEC REPOS:
  https://github.com/cocoapods/specs.git:
    - ChameleonFramework
    - SwipeCellKit

SPEC CHECKSUMS:
  ChameleonFramework: d21a3cc247abfe5e37609a283a8238b03575cf64
  SwipeCellKit: 4eada3884ab1bbae5e8d2fb9030c242aa23d7f42

PODFILE CHECKSUM: 6db666e4b7251da6f4021b1a36391f27277e7119

COCOAPODS: 1.6.1
